// !$*UTF8*$!
{
	archiveVersion = 1;
	classes = {
	};
	objectVersion = 55;
	objects = {

/* Begin PBXBuildFile section */
		D015418027AD9F40007BB0C3 /* Artist.swift in Sources */ = {isa = PBXBuildFile; fileRef = D015417F27AD9F40007BB0C3 /* Artist.swift */; };
		D015418827ADA039007BB0C3 /* YouMusicMeTests.swift in Sources */ = {isa = PBXBuildFile; fileRef = D015418727ADA039007BB0C3 /* YouMusicMeTests.swift */; };
		D01E5B2427A7A8EA00F5316E /* ChatViewController.swift in Sources */ = {isa = PBXBuildFile; fileRef = D01E5B2327A7A8EA00F5316E /* ChatViewController.swift */; };
		D062BCFE27A601BF0003E2D8 /* AuthViewController.swift in Sources */ = {isa = PBXBuildFile; fileRef = D062BCFD27A601BF0003E2D8 /* AuthViewController.swift */; };
		D062BD0127A62DC90003E2D8 /* SpotifyAuthManager.swift in Sources */ = {isa = PBXBuildFile; fileRef = D062BD0027A62DC90003E2D8 /* SpotifyAuthManager.swift */; };
		D062BD0327A630830003E2D8 /* SpotifyAuthResponse.swift in Sources */ = {isa = PBXBuildFile; fileRef = D062BD0227A630830003E2D8 /* SpotifyAuthResponse.swift */; };
		D062BD0527A635460003E2D8 /* TabBarViewController.swift in Sources */ = {isa = PBXBuildFile; fileRef = D062BD0427A635460003E2D8 /* TabBarViewController.swift */; };
		D062BD0727A637A30003E2D8 /* BrowseViewController.swift in Sources */ = {isa = PBXBuildFile; fileRef = D062BD0627A637A30003E2D8 /* BrowseViewController.swift */; };
		D062BD0927A637AF0003E2D8 /* MatchesViewController.swift in Sources */ = {isa = PBXBuildFile; fileRef = D062BD0827A637AF0003E2D8 /* MatchesViewController.swift */; };
		D062BD0B27A637BB0003E2D8 /* EventsViewController.swift in Sources */ = {isa = PBXBuildFile; fileRef = D062BD0A27A637BB0003E2D8 /* EventsViewController.swift */; };
		D0C58E1427A3983500126A5C /* AppDelegate.swift in Sources */ = {isa = PBXBuildFile; fileRef = D0C58E1327A3983500126A5C /* AppDelegate.swift */; };
		D0C58E1627A3983500126A5C /* SceneDelegate.swift in Sources */ = {isa = PBXBuildFile; fileRef = D0C58E1527A3983500126A5C /* SceneDelegate.swift */; };
		D0C58E1827A3983500126A5C /* WelcomeViewController.swift in Sources */ = {isa = PBXBuildFile; fileRef = D0C58E1727A3983500126A5C /* WelcomeViewController.swift */; };
		D0C58E1D27A3983700126A5C /* Assets.xcassets in Resources */ = {isa = PBXBuildFile; fileRef = D0C58E1C27A3983700126A5C /* Assets.xcassets */; };
		D0C58E2027A3983700126A5C /* LaunchScreen.storyboard in Resources */ = {isa = PBXBuildFile; fileRef = D0C58E1E27A3983700126A5C /* LaunchScreen.storyboard */; };
		D0C58E2927A3A84A00126A5C /* User.swift in Sources */ = {isa = PBXBuildFile; fileRef = D0C58E2827A3A84A00126A5C /* User.swift */; };
		D0EB756927B33FD400F4952D /* Event.swift in Sources */ = {isa = PBXBuildFile; fileRef = D0EB756827B33FD400F4952D /* Event.swift */; };
		D0EB756B27B352BE00F4952D /* TicketmasterAuthManager.swift in Sources */ = {isa = PBXBuildFile; fileRef = D0EB756A27B352BE00F4952D /* TicketmasterAuthManager.swift */; };
/* End PBXBuildFile section */

/* Begin PBXContainerItemProxy section */
		D015418927ADA039007BB0C3 /* PBXContainerItemProxy */ = {
			isa = PBXContainerItemProxy;
			containerPortal = D0C58E0827A3983500126A5C /* Project object */;
			proxyType = 1;
			remoteGlobalIDString = D0C58E0F27A3983500126A5C;
			remoteInfo = "You, Music, Me";
		};
/* End PBXContainerItemProxy section */

/* Begin PBXFileReference section */
		D015417F27AD9F40007BB0C3 /* Artist.swift */ = {isa = PBXFileReference; lastKnownFileType = sourcecode.swift; path = Artist.swift; sourceTree = "<group>"; };
		D015418527ADA039007BB0C3 /* YouMusicMeTests.xctest */ = {isa = PBXFileReference; explicitFileType = wrapper.cfbundle; includeInIndex = 0; path = YouMusicMeTests.xctest; sourceTree = BUILT_PRODUCTS_DIR; };
		D015418727ADA039007BB0C3 /* YouMusicMeTests.swift */ = {isa = PBXFileReference; lastKnownFileType = sourcecode.swift; path = YouMusicMeTests.swift; sourceTree = "<group>"; };
		D01E5B2327A7A8EA00F5316E /* ChatViewController.swift */ = {isa = PBXFileReference; lastKnownFileType = sourcecode.swift; path = ChatViewController.swift; sourceTree = "<group>"; };
		D062BCFD27A601BF0003E2D8 /* AuthViewController.swift */ = {isa = PBXFileReference; lastKnownFileType = sourcecode.swift; path = AuthViewController.swift; sourceTree = "<group>"; };
		D062BD0027A62DC90003E2D8 /* SpotifyAuthManager.swift */ = {isa = PBXFileReference; lastKnownFileType = sourcecode.swift; path = SpotifyAuthManager.swift; sourceTree = "<group>"; };
		D062BD0227A630830003E2D8 /* SpotifyAuthResponse.swift */ = {isa = PBXFileReference; lastKnownFileType = sourcecode.swift; path = SpotifyAuthResponse.swift; sourceTree = "<group>"; };
		D062BD0427A635460003E2D8 /* TabBarViewController.swift */ = {isa = PBXFileReference; lastKnownFileType = sourcecode.swift; path = TabBarViewController.swift; sourceTree = "<group>"; };
		D062BD0627A637A30003E2D8 /* BrowseViewController.swift */ = {isa = PBXFileReference; lastKnownFileType = sourcecode.swift; path = BrowseViewController.swift; sourceTree = "<group>"; };
		D062BD0827A637AF0003E2D8 /* MatchesViewController.swift */ = {isa = PBXFileReference; lastKnownFileType = sourcecode.swift; path = MatchesViewController.swift; sourceTree = "<group>"; };
		D062BD0A27A637BB0003E2D8 /* EventsViewController.swift */ = {isa = PBXFileReference; lastKnownFileType = sourcecode.swift; path = EventsViewController.swift; sourceTree = "<group>"; };
		D0C58E1027A3983500126A5C /* You, Music, Me.app */ = {isa = PBXFileReference; explicitFileType = wrapper.application; includeInIndex = 0; path = "You, Music, Me.app"; sourceTree = BUILT_PRODUCTS_DIR; };
		D0C58E1327A3983500126A5C /* AppDelegate.swift */ = {isa = PBXFileReference; lastKnownFileType = sourcecode.swift; path = AppDelegate.swift; sourceTree = "<group>"; };
		D0C58E1527A3983500126A5C /* SceneDelegate.swift */ = {isa = PBXFileReference; lastKnownFileType = sourcecode.swift; path = SceneDelegate.swift; sourceTree = "<group>"; };
		D0C58E1727A3983500126A5C /* WelcomeViewController.swift */ = {isa = PBXFileReference; lastKnownFileType = sourcecode.swift; path = WelcomeViewController.swift; sourceTree = "<group>"; };
		D0C58E1C27A3983700126A5C /* Assets.xcassets */ = {isa = PBXFileReference; lastKnownFileType = folder.assetcatalog; path = Assets.xcassets; sourceTree = "<group>"; };
		D0C58E1F27A3983700126A5C /* Base */ = {isa = PBXFileReference; lastKnownFileType = file.storyboard; name = Base; path = Base.lproj/LaunchScreen.storyboard; sourceTree = "<group>"; };
		D0C58E2127A3983700126A5C /* Info.plist */ = {isa = PBXFileReference; lastKnownFileType = text.plist.xml; path = Info.plist; sourceTree = "<group>"; };
		D0C58E2827A3A84A00126A5C /* User.swift */ = {isa = PBXFileReference; lastKnownFileType = sourcecode.swift; path = User.swift; sourceTree = "<group>"; };
		D0EB756827B33FD400F4952D /* Event.swift */ = {isa = PBXFileReference; lastKnownFileType = sourcecode.swift; path = Event.swift; sourceTree = "<group>"; };
		D0EB756A27B352BE00F4952D /* TicketmasterAuthManager.swift */ = {isa = PBXFileReference; lastKnownFileType = sourcecode.swift; path = TicketmasterAuthManager.swift; sourceTree = "<group>"; };
/* End PBXFileReference section */

/* Begin PBXFrameworksBuildPhase section */
		D015418227ADA039007BB0C3 /* Frameworks */ = {
			isa = PBXFrameworksBuildPhase;
			buildActionMask = 2147483647;
			files = (
			);
			runOnlyForDeploymentPostprocessing = 0;
		};
		D0C58E0D27A3983500126A5C /* Frameworks */ = {
			isa = PBXFrameworksBuildPhase;
			buildActionMask = 2147483647;
			files = (
			);
			runOnlyForDeploymentPostprocessing = 0;
		};
/* End PBXFrameworksBuildPhase section */

/* Begin PBXGroup section */
		D015417E27AD94A6007BB0C3 /* ViewModels */ = {
			isa = PBXGroup;
			children = (
			);
			path = ViewModels;
			sourceTree = "<group>";
		};
		D015418627ADA039007BB0C3 /* YouMusicMeTests */ = {
			isa = PBXGroup;
			children = (
				D015418727ADA039007BB0C3 /* YouMusicMeTests.swift */,
			);
			path = YouMusicMeTests;
			sourceTree = "<group>";
		};
		D01E5B2127A7A88800F5316E /* Resources */ = {
			isa = PBXGroup;
			children = (
				D0C58E1C27A3983700126A5C /* Assets.xcassets */,
				D0C58E1327A3983500126A5C /* AppDelegate.swift */,
				D0C58E1527A3983500126A5C /* SceneDelegate.swift */,
			);
			path = Resources;
			sourceTree = "<group>";
		};
		D01E5B2527A7A95300F5316E /* Views */ = {
			isa = PBXGroup;
			children = (
				D0C58E1E27A3983700126A5C /* LaunchScreen.storyboard */,
			);
			path = Views;
			sourceTree = "<group>";
		};
		D01E5B2627A7A9A300F5316E /* Core */ = {
			isa = PBXGroup;
			children = (
				D062BD0427A635460003E2D8 /* TabBarViewController.swift */,
				D01E5B2927A7A9F100F5316E /* Browse */,
				D01E5B2827A7A9DE00F5316E /* Matches */,
				D01E5B2A27A7AA0500F5316E /* Events */,
			);
			path = Core;
			sourceTree = "<group>";
		};
		D01E5B2727A7A9C300F5316E /* Sign In */ = {
			isa = PBXGroup;
			children = (
				D0C58E1727A3983500126A5C /* WelcomeViewController.swift */,
				D062BCFD27A601BF0003E2D8 /* AuthViewController.swift */,
			);
			path = "Sign In";
			sourceTree = "<group>";
		};
		D01E5B2827A7A9DE00F5316E /* Matches */ = {
			isa = PBXGroup;
			children = (
				D062BD0827A637AF0003E2D8 /* MatchesViewController.swift */,
				D01E5B2327A7A8EA00F5316E /* ChatViewController.swift */,
			);
			path = Matches;
			sourceTree = "<group>";
		};
		D01E5B2927A7A9F100F5316E /* Browse */ = {
			isa = PBXGroup;
			children = (
				D062BD0627A637A30003E2D8 /* BrowseViewController.swift */,
			);
			path = Browse;
			sourceTree = "<group>";
		};
		D01E5B2A27A7AA0500F5316E /* Events */ = {
			isa = PBXGroup;
			children = (
				D062BD0A27A637BB0003E2D8 /* EventsViewController.swift */,
			);
			path = Events;
			sourceTree = "<group>";
		};
		D062BCFC27A601A40003E2D8 /* Controllers */ = {
			isa = PBXGroup;
			children = (
				D01E5B2727A7A9C300F5316E /* Sign In */,
				D01E5B2627A7A9A300F5316E /* Core */,
			);
			path = Controllers;
			sourceTree = "<group>";
		};
		D062BCFF27A62DB90003E2D8 /* Managers */ = {
			isa = PBXGroup;
			children = (
				D062BD0027A62DC90003E2D8 /* SpotifyAuthManager.swift */,
				D0EB756A27B352BE00F4952D /* TicketmasterAuthManager.swift */,
			);
			path = Managers;
			sourceTree = "<group>";
		};
		D0C58E0727A3983500126A5C = {
			isa = PBXGroup;
			children = (
				D0C58E1227A3983500126A5C /* You, Music, Me */,
				D015418627ADA039007BB0C3 /* YouMusicMeTests */,
				D0C58E1127A3983500126A5C /* Products */,
			);
			sourceTree = "<group>";
		};
		D0C58E1127A3983500126A5C /* Products */ = {
			isa = PBXGroup;
			children = (
				D0C58E1027A3983500126A5C /* You, Music, Me.app */,
				D015418527ADA039007BB0C3 /* YouMusicMeTests.xctest */,
			);
			name = Products;
			sourceTree = "<group>";
		};
		D0C58E1227A3983500126A5C /* You, Music, Me */ = {
			isa = PBXGroup;
			children = (
				D015417E27AD94A6007BB0C3 /* ViewModels */,
				D01E5B2127A7A88800F5316E /* Resources */,
				D062BCFF27A62DB90003E2D8 /* Managers */,
				D0C58E2727A3A82700126A5C /* Models */,
				D01E5B2527A7A95300F5316E /* Views */,
				D062BCFC27A601A40003E2D8 /* Controllers */,
				D0C58E2127A3983700126A5C /* Info.plist */,
			);
			path = "You, Music, Me";
			sourceTree = "<group>";
		};
		D0C58E2727A3A82700126A5C /* Models */ = {
			isa = PBXGroup;
			children = (
				D0C58E2827A3A84A00126A5C /* User.swift */,
				D062BD0227A630830003E2D8 /* SpotifyAuthResponse.swift */,
				D015417F27AD9F40007BB0C3 /* Artist.swift */,
				D0EB756827B33FD400F4952D /* Event.swift */,
			);
			path = Models;
			sourceTree = "<group>";
		};
/* End PBXGroup section */

/* Begin PBXNativeTarget section */
		D015418427ADA039007BB0C3 /* YouMusicMeTests */ = {
			isa = PBXNativeTarget;
			buildConfigurationList = D015418B27ADA039007BB0C3 /* Build configuration list for PBXNativeTarget "YouMusicMeTests" */;
			buildPhases = (
				D015418127ADA039007BB0C3 /* Sources */,
				D015418227ADA039007BB0C3 /* Frameworks */,
				D015418327ADA039007BB0C3 /* Resources */,
			);
			buildRules = (
			);
			dependencies = (
				D015418A27ADA039007BB0C3 /* PBXTargetDependency */,
			);
			name = YouMusicMeTests;
			productName = YouMusicMeTests;
			productReference = D015418527ADA039007BB0C3 /* YouMusicMeTests.xctest */;
			productType = "com.apple.product-type.bundle.unit-test";
		};
		D0C58E0F27A3983500126A5C /* You, Music, Me */ = {
			isa = PBXNativeTarget;
			buildConfigurationList = D0C58E2427A3983700126A5C /* Build configuration list for PBXNativeTarget "You, Music, Me" */;
			buildPhases = (
				D0C58E0C27A3983500126A5C /* Sources */,
				D0C58E0D27A3983500126A5C /* Frameworks */,
				D0C58E0E27A3983500126A5C /* Resources */,
			);
			buildRules = (
			);
			dependencies = (
			);
			name = "You, Music, Me";
			productName = "You, Music, Me";
			productReference = D0C58E1027A3983500126A5C /* You, Music, Me.app */;
			productType = "com.apple.product-type.application";
		};
/* End PBXNativeTarget section */

/* Begin PBXProject section */
		D0C58E0827A3983500126A5C /* Project object */ = {
			isa = PBXProject;
			attributes = {
				BuildIndependentTargetsInParallel = 1;
				LastSwiftUpdateCheck = 1320;
				LastUpgradeCheck = 1320;
				TargetAttributes = {
					D015418427ADA039007BB0C3 = {
						CreatedOnToolsVersion = 13.2.1;
						TestTargetID = D0C58E0F27A3983500126A5C;
					};
					D0C58E0F27A3983500126A5C = {
						CreatedOnToolsVersion = 13.2.1;
					};
				};
			};
			buildConfigurationList = D0C58E0B27A3983500126A5C /* Build configuration list for PBXProject "You, Music, Me" */;
			compatibilityVersion = "Xcode 13.0";
			developmentRegion = en;
			hasScannedForEncodings = 0;
			knownRegions = (
				en,
				Base,
			);
			mainGroup = D0C58E0727A3983500126A5C;
			productRefGroup = D0C58E1127A3983500126A5C /* Products */;
			projectDirPath = "";
			projectRoot = "";
			targets = (
				D0C58E0F27A3983500126A5C /* You, Music, Me */,
				D015418427ADA039007BB0C3 /* YouMusicMeTests */,
			);
		};
/* End PBXProject section */

/* Begin PBXResourcesBuildPhase section */
		D015418327ADA039007BB0C3 /* Resources */ = {
			isa = PBXResourcesBuildPhase;
			buildActionMask = 2147483647;
			files = (
			);
			runOnlyForDeploymentPostprocessing = 0;
		};
		D0C58E0E27A3983500126A5C /* Resources */ = {
			isa = PBXResourcesBuildPhase;
			buildActionMask = 2147483647;
			files = (
				D0C58E2027A3983700126A5C /* LaunchScreen.storyboard in Resources */,
				D0C58E1D27A3983700126A5C /* Assets.xcassets in Resources */,
			);
			runOnlyForDeploymentPostprocessing = 0;
		};
/* End PBXResourcesBuildPhase section */

/* Begin PBXSourcesBuildPhase section */
		D015418127ADA039007BB0C3 /* Sources */ = {
			isa = PBXSourcesBuildPhase;
			buildActionMask = 2147483647;
			files = (
				D015418827ADA039007BB0C3 /* YouMusicMeTests.swift in Sources */,
			);
			runOnlyForDeploymentPostprocessing = 0;
		};
		D0C58E0C27A3983500126A5C /* Sources */ = {
			isa = PBXSourcesBuildPhase;
			buildActionMask = 2147483647;
			files = (
				D062BD0B27A637BB0003E2D8 /* EventsViewController.swift in Sources */,
				D062BD0527A635460003E2D8 /* TabBarViewController.swift in Sources */,
				D0C58E2927A3A84A00126A5C /* User.swift in Sources */,
				D062BD0927A637AF0003E2D8 /* MatchesViewController.swift in Sources */,
				D062BD0127A62DC90003E2D8 /* SpotifyAuthManager.swift in Sources */,
				D0C58E1827A3983500126A5C /* WelcomeViewController.swift in Sources */,
				D062BCFE27A601BF0003E2D8 /* AuthViewController.swift in Sources */,
				D062BD0327A630830003E2D8 /* SpotifyAuthResponse.swift in Sources */,
				D062BD0727A637A30003E2D8 /* BrowseViewController.swift in Sources */,
				D015418027AD9F40007BB0C3 /* Artist.swift in Sources */,
				D0EB756B27B352BE00F4952D /* TicketmasterAuthManager.swift in Sources */,
				D0C58E1427A3983500126A5C /* AppDelegate.swift in Sources */,
				D01E5B2427A7A8EA00F5316E /* ChatViewController.swift in Sources */,
				D0EB756927B33FD400F4952D /* Event.swift in Sources */,
				D0C58E1627A3983500126A5C /* SceneDelegate.swift in Sources */,
			);
			runOnlyForDeploymentPostprocessing = 0;
		};
/* End PBXSourcesBuildPhase section */

/* Begin PBXTargetDependency section */
		D015418A27ADA039007BB0C3 /* PBXTargetDependency */ = {
			isa = PBXTargetDependency;
			target = D0C58E0F27A3983500126A5C /* You, Music, Me */;
			targetProxy = D015418927ADA039007BB0C3 /* PBXContainerItemProxy */;
		};
/* End PBXTargetDependency section */

/* Begin PBXVariantGroup section */
		D0C58E1E27A3983700126A5C /* LaunchScreen.storyboard */ = {
			isa = PBXVariantGroup;
			children = (
				D0C58E1F27A3983700126A5C /* Base */,
			);
			name = LaunchScreen.storyboard;
			sourceTree = "<group>";
		};
/* End PBXVariantGroup section */

/* Begin XCBuildConfiguration section */
		D015418C27ADA039007BB0C3 /* Debug */ = {
			isa = XCBuildConfiguration;
			buildSettings = {
				BUNDLE_LOADER = "$(TEST_HOST)";
				CODE_SIGN_STYLE = Automatic;
				CURRENT_PROJECT_VERSION = 1;
				GENERATE_INFOPLIST_FILE = YES;
				MARKETING_VERSION = 1.0;
				PRODUCT_BUNDLE_IDENTIFIER = com.justinviasus.YouMusicMeTests;
				PRODUCT_NAME = "$(TARGET_NAME)";
				SWIFT_EMIT_LOC_STRINGS = NO;
				SWIFT_VERSION = 5.0;
				TARGETED_DEVICE_FAMILY = "1,2";
				TEST_HOST = "$(BUILT_PRODUCTS_DIR)/You, Music, Me.app/You, Music, Me";
			};
			name = Debug;
		};
		D015418D27ADA039007BB0C3 /* Release */ = {
			isa = XCBuildConfiguration;
			buildSettings = {
				BUNDLE_LOADER = "$(TEST_HOST)";
				CODE_SIGN_STYLE = Automatic;
				CURRENT_PROJECT_VERSION = 1;
				GENERATE_INFOPLIST_FILE = YES;
				MARKETING_VERSION = 1.0;
				PRODUCT_BUNDLE_IDENTIFIER = com.justinviasus.YouMusicMeTests;
				PRODUCT_NAME = "$(TARGET_NAME)";
				SWIFT_EMIT_LOC_STRINGS = NO;
				SWIFT_VERSION = 5.0;
				TARGETED_DEVICE_FAMILY = "1,2";
				TEST_HOST = "$(BUILT_PRODUCTS_DIR)/You, Music, Me.app/You, Music, Me";
			};
			name = Release;
		};
		D0C58E2227A3983700126A5C /* Debug */ = {
			isa = XCBuildConfiguration;
			buildSettings = {
				ALWAYS_SEARCH_USER_PATHS = NO;
				CLANG_ANALYZER_NONNULL = YES;
				CLANG_ANALYZER_NUMBER_OBJECT_CONVERSION = YES_AGGRESSIVE;
				CLANG_CXX_LANGUAGE_STANDARD = "gnu++17";
				CLANG_CXX_LIBRARY = "libc++";
				CLANG_ENABLE_MODULES = YES;
				CLANG_ENABLE_OBJC_ARC = YES;
				CLANG_ENABLE_OBJC_WEAK = YES;
				CLANG_WARN_BLOCK_CAPTURE_AUTORELEASING = YES;
				CLANG_WARN_BOOL_CONVERSION = YES;
				CLANG_WARN_COMMA = YES;
				CLANG_WARN_CONSTANT_CONVERSION = YES;
				CLANG_WARN_DEPRECATED_OBJC_IMPLEMENTATIONS = YES;
				CLANG_WARN_DIRECT_OBJC_ISA_USAGE = YES_ERROR;
				CLANG_WARN_DOCUMENTATION_COMMENTS = YES;
				CLANG_WARN_EMPTY_BODY = YES;
				CLANG_WARN_ENUM_CONVERSION = YES;
				CLANG_WARN_INFINITE_RECURSION = YES;
				CLANG_WARN_INT_CONVERSION = YES;
				CLANG_WARN_NON_LITERAL_NULL_CONVERSION = YES;
				CLANG_WARN_OBJC_IMPLICIT_RETAIN_SELF = YES;
				CLANG_WARN_OBJC_LITERAL_CONVERSION = YES;
				CLANG_WARN_OBJC_ROOT_CLASS = YES_ERROR;
				CLANG_WARN_QUOTED_INCLUDE_IN_FRAMEWORK_HEADER = YES;
				CLANG_WARN_RANGE_LOOP_ANALYSIS = YES;
				CLANG_WARN_STRICT_PROTOTYPES = YES;
				CLANG_WARN_SUSPICIOUS_MOVE = YES;
				CLANG_WARN_UNGUARDED_AVAILABILITY = YES_AGGRESSIVE;
				CLANG_WARN_UNREACHABLE_CODE = YES;
				CLANG_WARN__DUPLICATE_METHOD_MATCH = YES;
				COPY_PHASE_STRIP = NO;
				DEBUG_INFORMATION_FORMAT = dwarf;
				ENABLE_STRICT_OBJC_MSGSEND = YES;
				ENABLE_TESTABILITY = YES;
				GCC_C_LANGUAGE_STANDARD = gnu11;
				GCC_DYNAMIC_NO_PIC = NO;
				GCC_NO_COMMON_BLOCKS = YES;
				GCC_OPTIMIZATION_LEVEL = 0;
				GCC_PREPROCESSOR_DEFINITIONS = (
					"DEBUG=1",
					"$(inherited)",
				);
				GCC_WARN_64_TO_32_BIT_CONVERSION = YES;
				GCC_WARN_ABOUT_RETURN_TYPE = YES_ERROR;
				GCC_WARN_UNDECLARED_SELECTOR = YES;
				GCC_WARN_UNINITIALIZED_AUTOS = YES_AGGRESSIVE;
				GCC_WARN_UNUSED_FUNCTION = YES;
				GCC_WARN_UNUSED_VARIABLE = YES;
				IPHONEOS_DEPLOYMENT_TARGET = 15.2;
				MTL_ENABLE_DEBUG_INFO = INCLUDE_SOURCE;
				MTL_FAST_MATH = YES;
				ONLY_ACTIVE_ARCH = YES;
				SDKROOT = iphoneos;
				SWIFT_ACTIVE_COMPILATION_CONDITIONS = DEBUG;
				SWIFT_OPTIMIZATION_LEVEL = "-Onone";
			};
			name = Debug;
		};
		D0C58E2327A3983700126A5C /* Release */ = {
			isa = XCBuildConfiguration;
			buildSettings = {
				ALWAYS_SEARCH_USER_PATHS = NO;
				CLANG_ANALYZER_NONNULL = YES;
				CLANG_ANALYZER_NUMBER_OBJECT_CONVERSION = YES_AGGRESSIVE;
				CLANG_CXX_LANGUAGE_STANDARD = "gnu++17";
				CLANG_CXX_LIBRARY = "libc++";
				CLANG_ENABLE_MODULES = YES;
				CLANG_ENABLE_OBJC_ARC = YES;
				CLANG_ENABLE_OBJC_WEAK = YES;
				CLANG_WARN_BLOCK_CAPTURE_AUTORELEASING = YES;
				CLANG_WARN_BOOL_CONVERSION = YES;
				CLANG_WARN_COMMA = YES;
				CLANG_WARN_CONSTANT_CONVERSION = YES;
				CLANG_WARN_DEPRECATED_OBJC_IMPLEMENTATIONS = YES;
				CLANG_WARN_DIRECT_OBJC_ISA_USAGE = YES_ERROR;
				CLANG_WARN_DOCUMENTATION_COMMENTS = YES;
				CLANG_WARN_EMPTY_BODY = YES;
				CLANG_WARN_ENUM_CONVERSION = YES;
				CLANG_WARN_INFINITE_RECURSION = YES;
				CLANG_WARN_INT_CONVERSION = YES;
				CLANG_WARN_NON_LITERAL_NULL_CONVERSION = YES;
				CLANG_WARN_OBJC_IMPLICIT_RETAIN_SELF = YES;
				CLANG_WARN_OBJC_LITERAL_CONVERSION = YES;
				CLANG_WARN_OBJC_ROOT_CLASS = YES_ERROR;
				CLANG_WARN_QUOTED_INCLUDE_IN_FRAMEWORK_HEADER = YES;
				CLANG_WARN_RANGE_LOOP_ANALYSIS = YES;
				CLANG_WARN_STRICT_PROTOTYPES = YES;
				CLANG_WARN_SUSPICIOUS_MOVE = YES;
				CLANG_WARN_UNGUARDED_AVAILABILITY = YES_AGGRESSIVE;
				CLANG_WARN_UNREACHABLE_CODE = YES;
				CLANG_WARN__DUPLICATE_METHOD_MATCH = YES;
				COPY_PHASE_STRIP = NO;
				DEBUG_INFORMATION_FORMAT = "dwarf-with-dsym";
				ENABLE_NS_ASSERTIONS = NO;
				ENABLE_STRICT_OBJC_MSGSEND = YES;
				GCC_C_LANGUAGE_STANDARD = gnu11;
				GCC_NO_COMMON_BLOCKS = YES;
				GCC_WARN_64_TO_32_BIT_CONVERSION = YES;
				GCC_WARN_ABOUT_RETURN_TYPE = YES_ERROR;
				GCC_WARN_UNDECLARED_SELECTOR = YES;
				GCC_WARN_UNINITIALIZED_AUTOS = YES_AGGRESSIVE;
				GCC_WARN_UNUSED_FUNCTION = YES;
				GCC_WARN_UNUSED_VARIABLE = YES;
				IPHONEOS_DEPLOYMENT_TARGET = 15.2;
				MTL_ENABLE_DEBUG_INFO = NO;
				MTL_FAST_MATH = YES;
				SDKROOT = iphoneos;
				SWIFT_COMPILATION_MODE = wholemodule;
				SWIFT_OPTIMIZATION_LEVEL = "-O";
				VALIDATE_PRODUCT = YES;
			};
			name = Release;
		};
		D0C58E2527A3983700126A5C /* Debug */ = {
			isa = XCBuildConfiguration;
			buildSettings = {
				ASSETCATALOG_COMPILER_APPICON_NAME = AppIcon;
				ASSETCATALOG_COMPILER_GLOBAL_ACCENT_COLOR_NAME = AccentColor;
				CODE_SIGN_STYLE = Automatic;
				CURRENT_PROJECT_VERSION = 1;
				GENERATE_INFOPLIST_FILE = YES;
				INFOPLIST_FILE = "You, Music, Me/Info.plist";
				INFOPLIST_KEY_UIApplicationSupportsIndirectInputEvents = YES;
				INFOPLIST_KEY_UILaunchStoryboardName = LaunchScreen;
				INFOPLIST_KEY_UISupportedInterfaceOrientations_iPad = "UIInterfaceOrientationPortrait UIInterfaceOrientationPortraitUpsideDown UIInterfaceOrientationLandscapeLeft UIInterfaceOrientationLandscapeRight";
				INFOPLIST_KEY_UISupportedInterfaceOrientations_iPhone = "UIInterfaceOrientationPortrait UIInterfaceOrientationLandscapeLeft UIInterfaceOrientationLandscapeRight";
				LD_RUNPATH_SEARCH_PATHS = (
					"$(inherited)",
					"@executable_path/Frameworks",
				);
				MARKETING_VERSION = 1.0;
				PRODUCT_BUNDLE_IDENTIFIER = "com.justinviasus.You--Music--Me";
				PRODUCT_NAME = "$(TARGET_NAME)";
				SWIFT_EMIT_LOC_STRINGS = YES;
				SWIFT_VERSION = 5.0;
				TARGETED_DEVICE_FAMILY = "1,2";
			};
			name = Debug;
		};
		D0C58E2627A3983700126A5C /* Release */ = {
			isa = XCBuildConfiguration;
			buildSettings = {
				ASSETCATALOG_COMPILER_APPICON_NAME = AppIcon;
				ASSETCATALOG_COMPILER_GLOBAL_ACCENT_COLOR_NAME = AccentColor;
				CODE_SIGN_STYLE = Automatic;
				CURRENT_PROJECT_VERSION = 1;
				GENERATE_INFOPLIST_FILE = YES;
				INFOPLIST_FILE = "You, Music, Me/Info.plist";
				INFOPLIST_KEY_UIApplicationSupportsIndirectInputEvents = YES;
				INFOPLIST_KEY_UILaunchStoryboardName = LaunchScreen;
				INFOPLIST_KEY_UISupportedInterfaceOrientations_iPad = "UIInterfaceOrientationPortrait UIInterfaceOrientationPortraitUpsideDown UIInterfaceOrientationLandscapeLeft UIInterfaceOrientationLandscapeRight";
				INFOPLIST_KEY_UISupportedInterfaceOrientations_iPhone = "UIInterfaceOrientationPortrait UIInterfaceOrientationLandscapeLeft UIInterfaceOrientationLandscapeRight";
				LD_RUNPATH_SEARCH_PATHS = (
					"$(inherited)",
					"@executable_path/Frameworks",
				);
				MARKETING_VERSION = 1.0;
				PRODUCT_BUNDLE_IDENTIFIER = "com.justinviasus.You--Music--Me";
				PRODUCT_NAME = "$(TARGET_NAME)";
				SWIFT_EMIT_LOC_STRINGS = YES;
				SWIFT_VERSION = 5.0;
				TARGETED_DEVICE_FAMILY = "1,2";
			};
			name = Release;
		};
/* End XCBuildConfiguration section */

/* Begin XCConfigurationList section */
		D015418B27ADA039007BB0C3 /* Build configuration list for PBXNativeTarget "YouMusicMeTests" */ = {
			isa = XCConfigurationList;
			buildConfigurations = (
				D015418C27ADA039007BB0C3 /* Debug */,
				D015418D27ADA039007BB0C3 /* Release */,
			);
			defaultConfigurationIsVisible = 0;
			defaultConfigurationName = Release;
		};
		D0C58E0B27A3983500126A5C /* Build configuration list for PBXProject "You, Music, Me" */ = {
			isa = XCConfigurationList;
			buildConfigurations = (
				D0C58E2227A3983700126A5C /* Debug */,
				D0C58E2327A3983700126A5C /* Release */,
			);
			defaultConfigurationIsVisible = 0;
			defaultConfigurationName = Release;
		};
		D0C58E2427A3983700126A5C /* Build configuration list for PBXNativeTarget "You, Music, Me" */ = {
			isa = XCConfigurationList;
			buildConfigurations = (
				D0C58E2527A3983700126A5C /* Debug */,
				D0C58E2627A3983700126A5C /* Release */,
			);
			defaultConfigurationIsVisible = 0;
			defaultConfigurationName = Release;
		};
/* End XCConfigurationList section */
	};
	rootObject = D0C58E0827A3983500126A5C /* Project object */;
}
